
Microsoft Visual Studio Solution File, Format Version 12.00
# Visual Studio 15
VisualStudioVersion = 15.0.27004.2002
MinimumVisualStudioVersion = 10.0.40219.1
Project("{FAE04EC0-301F-11D3-BF4B-00C04F79EFBC}") = "PracticePersonalWeb", "PracticePersonalWeb\PracticePersonalWeb.csproj", "{B5A1FE6B-01A1-4EE7-A8B7-5F71D0DB6C83}"
EndProject
Global
	GlobalSection(SolutionConfigurationPlatforms) = preSolution
		Debug|ARM = Debug|ARM
		Debug|x64 = Debug|x64
		Debug|x86 = Debug|x86
		Release|ARM = Release|ARM
		Release|x64 = Release|x64
		Release|x86 = Release|x86
	EndGlobalSection
	GlobalSection(ProjectConfigurationPlatforms) = postSolution
		{B5A1FE6B-01A1-4EE7-A8B7-5F71D0DB6C83}.Debug|ARM.ActiveCfg = Debug|ARM
		{B5A1FE6B-01A1-4EE7-A8B7-5F71D0DB6C83}.Debug|ARM.Build.0 = Debug|ARM
		{B5A1FE6B-01A1-4EE7-A8B7-5F71D0DB6C83}.Debug|ARM.Deploy.0 = Debug|ARM
		{B5A1FE6B-01A1-4EE7-A8B7-5F71D0DB6C83}.Debug|x64.ActiveCfg = Debug|x64
		{B5A1FE6B-01A1-4EE7-A8B7-5F71D0DB6C83}.Debug|x64.Build.0 = Debug|x64
		{B5A1FE6B-01A1-4EE7-A8B7-5F71D0DB6C83}.Debug|x64.Deploy.0 = Debug|x64
		{B5A1FE6B-01A1-4EE7-A8B7-5F71D0DB6C83}.Debug|x86.ActiveCfg = Debug|x86
		{B5A1FE6B-01A1-4EE7-A8B7-5F71D0DB6C83}.Debug|x86.Build.0 = Debug|x86
		{B5A1FE6B-01A1-4EE7-A8B7-5F71D0DB6C83}.Debug|x86.Deploy.0 = Debug|x86
		{B5A1FE6B-01A1-4EE7-A8B7-5F71D0DB6C83}.Release|ARM.ActiveCfg = Release|ARM
		{B5A1FE6B-01A1-4EE7-A8B7-5F71D0DB6C83}.Release|ARM.Build.0 = Release|ARM
		{B5A1FE6B-01A1-4EE7-A8B7-5F71D0DB6C83}.Release|ARM.Deploy.0 = Release|ARM
		{B5A1FE6B-01A1-4EE7-A8B7-5F71D0DB6C83}.Release|x64.ActiveCfg = Release|x64
		{B5A1FE6B-01A1-4EE7-A8B7-5F71D0DB6C83}.Release|x64.Build.0 = Release|x64
		{B5A1FE6B-01A1-4EE7-A8B7-5F71D0DB6C83}.Release|x64.Deploy.0 = Release|x64
		{B5A1FE6B-01A1-4EE7-A8B7-5F71D0DB6C83}.Release|x86.ActiveCfg = Release|x86
		{B5A1FE6B-01A1-4EE7-A8B7-5F71D0DB6C83}.Release|x86.Build.0 = Release|x86
		{B5A1FE6B-01A1-4EE7-A8B7-5F71D0DB6C83}.Release|x86.Deploy.0 = Release|x86
	EndGlobalSection
	GlobalSection(SolutionProperties) = preSolution
		HideSolutionNode = FALSE
	EndGlobalSection
	GlobalSection(ExtensibilityGlobals) = postSolution
		SolutionGuid = {4F88ADE8-6AD2-4A39-9791-DF7ECC7E9B06}
	EndGlobalSection
EndGlobal
